hash: d952e1540c61b840c85c6772dcfb37e8808065702794d90886a9fb1adf341556
updated: 2017-03-23T14:49:25.202403214-05:00
imports:
- name: github.com/dop251/goja
  version: 8fa3e12080cd5ea59bef506c70aaacdf4e03ed70
- name: github.com/dop251/goja_nodejs
  version: 2fc1e6bbfc494e36dd9a0b3e735a4babc538f51f
  subpackages:
  - eventloop
- name: github.com/elazarl/go-bindata-assetfs
  version: 9a6736ed45b44bf3835afeebb3034b57ed329f3e
- name: github.com/fatih/structs
  version: a720dfa8df582c51dee1b36feabb906bde1588bd
- name: github.com/itsjamie/go-bindata-templates
  version: 65d795d0c74021e19b2ebadf3c83c01a8290a405
- name: github.com/jteeuwen/go-bindata
  version: a0ff2567cfb70903282db057e799fd826784d41d
- name: github.com/labstack/echo
  version: a8b6864be328fcb5c2d96d32c75b750f84e0e4be
  subpackages:
  - middleware
- name: github.com/nu7hatch/gouuid
  version: 179d4d0c4d8d407a32af483c2354df1d2c91e6c3
- name: github.com/olebedev/config
  version: afea898d27c7d17376ecc60c7c2e73c76b40060e
- name: github.com/olebedev/gojax
  version: fe07e4673cbf22aa44c03032ef616ca5d62de4ed
  subpackages:
  - fetch
- name: github.com/olebedev/on
  version: f65b7c9823a4c30797e9ad3c51d559a36ff8d542
- name: github.com/urfave/cli
  version: 0bdeddeeb0f650497d603c4ad7b20cfe685682f6
testImports: []
